
Microsoft Visual Studio Solution File, Format Version 12.00
# Visual Studio 15
VisualStudioVersion = 15.0.28307.757
MinimumVisualStudioVersion = 10.0.40219.1
Project("{FAE04EC0-301F-11D3-BF4B-00C04F79EFBC}") = "WebApiStart", "WebApiStart\WebApiStart.csproj", "{B40233F9-492B-4E46-B9CD-46DA04579E20}"
EndProject
Project("{FAE04EC0-301F-11D3-BF4B-00C04F79EFBC}") = "WebApiStart.Test", "WebApiStart.Test\WebApiStart.Test.csproj", "{C71DBF7C-6D4F-4C88-9B7D-5765046896DF}"
EndProject
Global
	GlobalSection(SolutionConfigurationPlatforms) = preSolution
		Debug|Any CPU = Debug|Any CPU
		Release|Any CPU = Release|Any CPU
	EndGlobalSection
	GlobalSection(ProjectConfigurationPlatforms) = postSolution
		{B40233F9-492B-4E46-B9CD-46DA04579E20}.Debug|Any CPU.ActiveCfg = Debug|Any CPU
		{B40233F9-492B-4E46-B9CD-46DA04579E20}.Debug|Any CPU.Build.0 = Debug|Any CPU
		{B40233F9-492B-4E46-B9CD-46DA04579E20}.Release|Any CPU.ActiveCfg = Release|Any CPU
		{B40233F9-492B-4E46-B9CD-46DA04579E20}.Release|Any CPU.Build.0 = Release|Any CPU
		{C71DBF7C-6D4F-4C88-9B7D-5765046896DF}.Debug|Any CPU.ActiveCfg = Debug|Any CPU
		{C71DBF7C-6D4F-4C88-9B7D-5765046896DF}.Debug|Any CPU.Build.0 = Debug|Any CPU
		{C71DBF7C-6D4F-4C88-9B7D-5765046896DF}.Release|Any CPU.ActiveCfg = Release|Any CPU
		{C71DBF7C-6D4F-4C88-9B7D-5765046896DF}.Release|Any CPU.Build.0 = Release|Any CPU
	EndGlobalSection
	GlobalSection(SolutionProperties) = preSolution
		HideSolutionNode = FALSE
	EndGlobalSection
	GlobalSection(ExtensibilityGlobals) = postSolution
		SolutionGuid = {BE8C4371-EF09-47B2-9352-9F7BF0F1299C}
	EndGlobalSection
EndGlobal
